
Microsoft Visual Studio Solution File, Format Version 12.00
# Visual Studio Version 17
VisualStudioVersion = 17.4.33110.190
MinimumVisualStudioVersion = 10.0.40219.1
Project("{FAE04EC0-301F-11D3-BF4B-00C04F79EFBC}") = "Quizapp", "Quizapp\Quizapp.csproj", "{9EF52155-1687-46FA-BD25-E9B0BCDBAADB}"
EndProject
Global
	GlobalSection(SolutionConfigurationPlatforms) = preSolution
		Debug|Any CPU = Debug|Any CPU
		Release|Any CPU = Release|Any CPU
	EndGlobalSection
	GlobalSection(ProjectConfigurationPlatforms) = postSolution
		{9EF52155-1687-46FA-BD25-E9B0BCDBAADB}.Debug|Any CPU.ActiveCfg = Debug|Any CPU
		{9EF52155-1687-46FA-BD25-E9B0BCDBAADB}.Debug|Any CPU.Build.0 = Debug|Any CPU
		{9EF52155-1687-46FA-BD25-E9B0BCDBAADB}.Release|Any CPU.ActiveCfg = Release|Any CPU
		{9EF52155-1687-46FA-BD25-E9B0BCDBAADB}.Release|Any CPU.Build.0 = Release|Any CPU
	EndGlobalSection
	GlobalSection(SolutionProperties) = preSolution
		HideSolutionNode = FALSE
	EndGlobalSection
	GlobalSection(ExtensibilityGlobals) = postSolution
		SolutionGuid = {0BE640DD-6A18-46AC-BB46-F419D2B5CED4}
	EndGlobalSection
EndGlobal
